// !$*UTF8*$!
{
	archiveVersion = 1;
	classes = {
	};
	objectVersion = 50;
	objects = {

/* Begin PBXBuildFile section */
		8E02383722B917A900125A2B /* AppDelegate.swift in Sources */ = {isa = PBXBuildFile; fileRef = 8E02383622B917A900125A2B /* AppDelegate.swift */; };
		8E02383F22B917A900125A2B /* DVT_Airport.xcdatamodeld in Sources */ = {isa = PBXBuildFile; fileRef = 8E02383D22B917A900125A2B /* DVT_Airport.xcdatamodeld */; };
		8E02384122B917AA00125A2B /* Assets.xcassets in Resources */ = {isa = PBXBuildFile; fileRef = 8E02384022B917AA00125A2B /* Assets.xcassets */; };
		8E02384422B917AA00125A2B /* LaunchScreen.storyboard in Resources */ = {isa = PBXBuildFile; fileRef = 8E02384222B917AA00125A2B /* LaunchScreen.storyboard */; };
		8E02384F22B917AA00125A2B /* DVT_AirportTests.swift in Sources */ = {isa = PBXBuildFile; fileRef = 8E02384E22B917AA00125A2B /* DVT_AirportTests.swift */; };
		8E02385D22B919BB00125A2B /* AirportsViewController.swift in Sources */ = {isa = PBXBuildFile; fileRef = 8E02385C22B919BB00125A2B /* AirportsViewController.swift */; };
		8E02385F22B91A1100125A2B /* ScheduleViewController.swift in Sources */ = {isa = PBXBuildFile; fileRef = 8E02385E22B91A1100125A2B /* ScheduleViewController.swift */; };
		8E02386222B92DBD00125A2B /* ViewController+Extension.swift in Sources */ = {isa = PBXBuildFile; fileRef = 8E02386122B92DBD00125A2B /* ViewController+Extension.swift */; };
		8E02386522B936A200125A2B /* ScheduleCell.swift in Sources */ = {isa = PBXBuildFile; fileRef = 8E02386422B936A200125A2B /* ScheduleCell.swift */; };
		8E02386722B947B400125A2B /* Number+Extension.swift in Sources */ = {isa = PBXBuildFile; fileRef = 8E02386622B947B400125A2B /* Number+Extension.swift */; };
		8E02386922B9713600125A2B /* Color+Extension.swift in Sources */ = {isa = PBXBuildFile; fileRef = 8E02386822B9713600125A2B /* Color+Extension.swift */; };
		8E02386B22B9715200125A2B /* Font+Extension.swift in Sources */ = {isa = PBXBuildFile; fileRef = 8E02386A22B9715200125A2B /* Font+Extension.swift */; };
		8E98562522BA2482001219A4 /* ScheduleCellModel.swift in Sources */ = {isa = PBXBuildFile; fileRef = 8E98562422BA2482001219A4 /* ScheduleCellModel.swift */; };
		8E98562822BA2526001219A4 /* ScheduleDataModel.swift in Sources */ = {isa = PBXBuildFile; fileRef = 8E98562722BA2526001219A4 /* ScheduleDataModel.swift */; };
		8E98562B22BA89F5001219A4 /* MapKit.framework in Frameworks */ = {isa = PBXBuildFile; fileRef = 8E98562A22BA89F5001219A4 /* MapKit.framework */; };
		8E98562D22BA9376001219A4 /* AirportModel.swift in Sources */ = {isa = PBXBuildFile; fileRef = 8E98562C22BA9376001219A4 /* AirportModel.swift */; };
		8E98563022BB84EC001219A4 /* ClientAPI.swift in Sources */ = {isa = PBXBuildFile; fileRef = 8E98562F22BB84EC001219A4 /* ClientAPI.swift */; };
		8E98563222BB8B97001219A4 /* AlertController+Extension.swift in Sources */ = {isa = PBXBuildFile; fileRef = 8E98563122BB8B97001219A4 /* AlertController+Extension.swift */; };
		8E98563422BB8BFB001219A4 /* UIWindow+Extension.swift in Sources */ = {isa = PBXBuildFile; fileRef = 8E98563322BB8BFB001219A4 /* UIWindow+Extension.swift */; };
		8E98563622BB9039001219A4 /* Reachability.swift in Sources */ = {isa = PBXBuildFile; fileRef = 8E98563522BB9039001219A4 /* Reachability.swift */; };
		8E98563922BBB458001219A4 /* Webservice.swift in Sources */ = {isa = PBXBuildFile; fileRef = 8E98563822BBB458001219A4 /* Webservice.swift */; };
		8E98563C22BBB7D6001219A4 /* AirportViewModel.swift in Sources */ = {isa = PBXBuildFile; fileRef = 8E98563B22BBB7D6001219A4 /* AirportViewModel.swift */; };
		8E98563E22BBBAEF001219A4 /* LoadActivityIndicator.swift in Sources */ = {isa = PBXBuildFile; fileRef = 8E98563D22BBBAEF001219A4 /* LoadActivityIndicator.swift */; };
		8E98564022BBEE79001219A4 /* ScheduleViewModel.swift in Sources */ = {isa = PBXBuildFile; fileRef = 8E98563F22BBEE79001219A4 /* ScheduleViewModel.swift */; };
/* End PBXBuildFile section */

/* Begin PBXContainerItemProxy section */
		8E02384B22B917AA00125A2B /* PBXContainerItemProxy */ = {
			isa = PBXContainerItemProxy;
			containerPortal = 8E02382B22B917A900125A2B /* Project object */;
			proxyType = 1;
			remoteGlobalIDString = 8E02383222B917A900125A2B;
			remoteInfo = "DVT Airport";
		};
/* End PBXContainerItemProxy section */

/* Begin PBXFileReference section */
		8E02383322B917A900125A2B /* DVT Airport.app */ = {isa = PBXFileReference; explicitFileType = wrapper.application; includeInIndex = 0; path = "DVT Airport.app"; sourceTree = BUILT_PRODUCTS_DIR; };
		8E02383622B917A900125A2B /* AppDelegate.swift */ = {isa = PBXFileReference; lastKnownFileType = sourcecode.swift; path = AppDelegate.swift; sourceTree = "<group>"; };
		8E02383E22B917A900125A2B /* DVT_Airport.xcdatamodel */ = {isa = PBXFileReference; lastKnownFileType = wrapper.xcdatamodel; path = DVT_Airport.xcdatamodel; sourceTree = "<group>"; };
		8E02384022B917AA00125A2B /* Assets.xcassets */ = {isa = PBXFileReference; lastKnownFileType = folder.assetcatalog; path = Assets.xcassets; sourceTree = "<group>"; };
		8E02384322B917AA00125A2B /* Base */ = {isa = PBXFileReference; lastKnownFileType = file.storyboard; name = Base; path = Base.lproj/LaunchScreen.storyboard; sourceTree = "<group>"; };
		8E02384522B917AA00125A2B /* Info.plist */ = {isa = PBXFileReference; lastKnownFileType = text.plist.xml; path = Info.plist; sourceTree = "<group>"; };
		8E02384A22B917AA00125A2B /* DVT AirportTests.xctest */ = {isa = PBXFileReference; explicitFileType = wrapper.cfbundle; includeInIndex = 0; path = "DVT AirportTests.xctest"; sourceTree = BUILT_PRODUCTS_DIR; };
		8E02384E22B917AA00125A2B /* DVT_AirportTests.swift */ = {isa = PBXFileReference; lastKnownFileType = sourcecode.swift; path = DVT_AirportTests.swift; sourceTree = "<group>"; };
		8E02385022B917AA00125A2B /* Info.plist */ = {isa = PBXFileReference; lastKnownFileType = text.plist.xml; path = Info.plist; sourceTree = "<group>"; };
		8E02385C22B919BB00125A2B /* AirportsViewController.swift */ = {isa = PBXFileReference; lastKnownFileType = sourcecode.swift; path = AirportsViewController.swift; sourceTree = "<group>"; };
		8E02385E22B91A1100125A2B /* ScheduleViewController.swift */ = {isa = PBXFileReference; lastKnownFileType = sourcecode.swift; path = ScheduleViewController.swift; sourceTree = "<group>"; };
		8E02386122B92DBD00125A2B /* ViewController+Extension.swift */ = {isa = PBXFileReference; lastKnownFileType = sourcecode.swift; path = "ViewController+Extension.swift"; sourceTree = "<group>"; };
		8E02386422B936A200125A2B /* ScheduleCell.swift */ = {isa = PBXFileReference; lastKnownFileType = sourcecode.swift; path = ScheduleCell.swift; sourceTree = "<group>"; };
		8E02386622B947B400125A2B /* Number+Extension.swift */ = {isa = PBXFileReference; lastKnownFileType = sourcecode.swift; path = "Number+Extension.swift"; sourceTree = "<group>"; };
		8E02386822B9713600125A2B /* Color+Extension.swift */ = {isa = PBXFileReference; lastKnownFileType = sourcecode.swift; path = "Color+Extension.swift"; sourceTree = "<group>"; };
		8E02386A22B9715200125A2B /* Font+Extension.swift */ = {isa = PBXFileReference; lastKnownFileType = sourcecode.swift; path = "Font+Extension.swift"; sourceTree = "<group>"; };
		8E98562422BA2482001219A4 /* ScheduleCellModel.swift */ = {isa = PBXFileReference; lastKnownFileType = sourcecode.swift; path = ScheduleCellModel.swift; sourceTree = "<group>"; };
		8E98562722BA2526001219A4 /* ScheduleDataModel.swift */ = {isa = PBXFileReference; lastKnownFileType = sourcecode.swift; path = ScheduleDataModel.swift; sourceTree = "<group>"; };
		8E98562A22BA89F5001219A4 /* MapKit.framework */ = {isa = PBXFileReference; lastKnownFileType = wrapper.framework; name = MapKit.framework; path = System/Library/Frameworks/MapKit.framework; sourceTree = SDKROOT; };
		8E98562C22BA9376001219A4 /* AirportModel.swift */ = {isa = PBXFileReference; lastKnownFileType = sourcecode.swift; path = AirportModel.swift; sourceTree = "<group>"; };
		8E98562F22BB84EC001219A4 /* ClientAPI.swift */ = {isa = PBXFileReference; lastKnownFileType = sourcecode.swift; path = ClientAPI.swift; sourceTree = "<group>"; };
		8E98563122BB8B97001219A4 /* AlertController+Extension.swift */ = {isa = PBXFileReference; lastKnownFileType = sourcecode.swift; path = "AlertController+Extension.swift"; sourceTree = "<group>"; };
		8E98563322BB8BFB001219A4 /* UIWindow+Extension.swift */ = {isa = PBXFileReference; lastKnownFileType = sourcecode.swift; path = "UIWindow+Extension.swift"; sourceTree = "<group>"; };
		8E98563522BB9039001219A4 /* Reachability.swift */ = {isa = PBXFileReference; lastKnownFileType = sourcecode.swift; path = Reachability.swift; sourceTree = "<group>"; };
		8E98563822BBB458001219A4 /* Webservice.swift */ = {isa = PBXFileReference; lastKnownFileType = sourcecode.swift; path = Webservice.swift; sourceTree = "<group>"; };
		8E98563B22BBB7D6001219A4 /* AirportViewModel.swift */ = {isa = PBXFileReference; lastKnownFileType = sourcecode.swift; path = AirportViewModel.swift; sourceTree = "<group>"; };
		8E98563D22BBBAEF001219A4 /* LoadActivityIndicator.swift */ = {isa = PBXFileReference; lastKnownFileType = sourcecode.swift; path = LoadActivityIndicator.swift; sourceTree = "<group>"; };
		8E98563F22BBEE79001219A4 /* ScheduleViewModel.swift */ = {isa = PBXFileReference; lastKnownFileType = sourcecode.swift; path = ScheduleViewModel.swift; sourceTree = "<group>"; };
/* End PBXFileReference section */

/* Begin PBXFrameworksBuildPhase section */
		8E02383022B917A900125A2B /* Frameworks */ = {
			isa = PBXFrameworksBuildPhase;
			buildActionMask = 2147483647;
			files = (
				8E98562B22BA89F5001219A4 /* MapKit.framework in Frameworks */,
			);
			runOnlyForDeploymentPostprocessing = 0;
		};
		8E02384722B917AA00125A2B /* Frameworks */ = {
			isa = PBXFrameworksBuildPhase;
			buildActionMask = 2147483647;
			files = (
			);
			runOnlyForDeploymentPostprocessing = 0;
		};
/* End PBXFrameworksBuildPhase section */

/* Begin PBXGroup section */
		8E02382A22B917A900125A2B = {
			isa = PBXGroup;
			children = (
				8E02383522B917A900125A2B /* DVT Airport */,
				8E02384D22B917AA00125A2B /* DVT AirportTests */,
				8E02383422B917A900125A2B /* Products */,
				8E98562922BA89F5001219A4 /* Frameworks */,
			);
			sourceTree = "<group>";
		};
		8E02383422B917A900125A2B /* Products */ = {
			isa = PBXGroup;
			children = (
				8E02383322B917A900125A2B /* DVT Airport.app */,
				8E02384A22B917AA00125A2B /* DVT AirportTests.xctest */,
			);
			name = Products;
			sourceTree = "<group>";
		};
		8E02383522B917A900125A2B /* DVT Airport */ = {
			isa = PBXGroup;
			children = (
				8E98563A22BBB762001219A4 /* ViewModel */,
				8E98563722BBB3D7001219A4 /* Webservice */,
				8E98562E22BB84A3001219A4 /* API */,
				8E98562622BA2515001219A4 /* Models */,
				8E02386322B9368500125A2B /* CustomCells */,
				8E02386022B92DA500125A2B /* Extensions */,
				8E02385A22B918EC00125A2B /* AppSettingsFiles */,
				8E02385B22B9196300125A2B /* AppDelegate */,
				8E02385922B918CF00125A2B /* ViewControllers */,
			);
			path = "DVT Airport";
			sourceTree = "<group>";
		};
		8E02384D22B917AA00125A2B /* DVT AirportTests */ = {
			isa = PBXGroup;
			children = (
				8E02384E22B917AA00125A2B /* DVT_AirportTests.swift */,
				8E02385022B917AA00125A2B /* Info.plist */,
			);
			path = "DVT AirportTests";
			sourceTree = "<group>";
		};
		8E02385922B918CF00125A2B /* ViewControllers */ = {
			isa = PBXGroup;
			children = (
				8E02385C22B919BB00125A2B /* AirportsViewController.swift */,
				8E02385E22B91A1100125A2B /* ScheduleViewController.swift */,
			);
			path = ViewControllers;
			sourceTree = "<group>";
		};
		8E02385A22B918EC00125A2B /* AppSettingsFiles */ = {
			isa = PBXGroup;
			children = (
				8E02384022B917AA00125A2B /* Assets.xcassets */,
				8E02384222B917AA00125A2B /* LaunchScreen.storyboard */,
				8E02384522B917AA00125A2B /* Info.plist */,
				8E02383D22B917A900125A2B /* DVT_Airport.xcdatamodeld */,
			);
			path = AppSettingsFiles;
			sourceTree = "<group>";
		};
		8E02385B22B9196300125A2B /* AppDelegate */ = {
			isa = PBXGroup;
			children = (
				8E02383622B917A900125A2B /* AppDelegate.swift */,
			);
			path = AppDelegate;
			sourceTree = "<group>";
		};
		8E02386022B92DA500125A2B /* Extensions */ = {
			isa = PBXGroup;
			children = (
				8E02386122B92DBD00125A2B /* ViewController+Extension.swift */,
				8E02386622B947B400125A2B /* Number+Extension.swift */,
				8E02386822B9713600125A2B /* Color+Extension.swift */,
				8E02386A22B9715200125A2B /* Font+Extension.swift */,
				8E98563122BB8B97001219A4 /* AlertController+Extension.swift */,
				8E98563322BB8BFB001219A4 /* UIWindow+Extension.swift */,
			);
			path = Extensions;
			sourceTree = "<group>";
		};
		8E02386322B9368500125A2B /* CustomCells */ = {
			isa = PBXGroup;
			children = (
				8E02386422B936A200125A2B /* ScheduleCell.swift */,
				8E98562422BA2482001219A4 /* ScheduleCellModel.swift */,
			);
			path = CustomCells;
			sourceTree = "<group>";
		};
		8E98562622BA2515001219A4 /* Models */ = {
			isa = PBXGroup;
			children = (
				8E98562722BA2526001219A4 /* ScheduleDataModel.swift */,
				8E98562C22BA9376001219A4 /* AirportModel.swift */,
				8E98563522BB9039001219A4 /* Reachability.swift */,
				8E98563D22BBBAEF001219A4 /* LoadActivityIndicator.swift */,
			);
			path = Models;
			sourceTree = "<group>";
		};
		8E98562922BA89F5001219A4 /* Frameworks */ = {
			isa = PBXGroup;
			children = (
				8E98562A22BA89F5001219A4 /* MapKit.framework */,
			);
			name = Frameworks;
			sourceTree = "<group>";
		};
		8E98562E22BB84A3001219A4 /* API */ = {
			isa = PBXGroup;
			children = (
				8E98562F22BB84EC001219A4 /* ClientAPI.swift */,
			);
			path = API;
			sourceTree = "<group>";
		};
		8E98563722BBB3D7001219A4 /* Webservice */ = {
			isa = PBXGroup;
			children = (
				8E98563822BBB458001219A4 /* Webservice.swift */,
			);
			path = Webservice;
			sourceTree = "<group>";
		};
		8E98563A22BBB762001219A4 /* ViewModel */ = {
			isa = PBXGroup;
			children = (
				8E98563B22BBB7D6001219A4 /* AirportViewModel.swift */,
				8E98563F22BBEE79001219A4 /* ScheduleViewModel.swift */,
			);
			path = ViewModel;
			sourceTree = "<group>";
		};
/* End PBXGroup section */

/* Begin PBXNativeTarget section */
		8E02383222B917A900125A2B /* DVT Airport */ = {
			isa = PBXNativeTarget;
			buildConfigurationList = 8E02385322B917AA00125A2B /* Build configuration list for PBXNativeTarget "DVT Airport" */;
			buildPhases = (
				8E02382F22B917A900125A2B /* Sources */,
				8E02383022B917A900125A2B /* Frameworks */,
				8E02383122B917A900125A2B /* Resources */,
			);
			buildRules = (
			);
			dependencies = (
			);
			name = "DVT Airport";
			productName = "DVT Airport";
			productReference = 8E02383322B917A900125A2B /* DVT Airport.app */;
			productType = "com.apple.product-type.application";
		};
		8E02384922B917AA00125A2B /* DVT AirportTests */ = {
			isa = PBXNativeTarget;
			buildConfigurationList = 8E02385622B917AA00125A2B /* Build configuration list for PBXNativeTarget "DVT AirportTests" */;
			buildPhases = (
				8E02384622B917AA00125A2B /* Sources */,
				8E02384722B917AA00125A2B /* Frameworks */,
				8E02384822B917AA00125A2B /* Resources */,
			);
			buildRules = (
			);
			dependencies = (
				8E02384C22B917AA00125A2B /* PBXTargetDependency */,
			);
			name = "DVT AirportTests";
			productName = "DVT AirportTests";
			productReference = 8E02384A22B917AA00125A2B /* DVT AirportTests.xctest */;
			productType = "com.apple.product-type.bundle.unit-test";
		};
/* End PBXNativeTarget section */

/* Begin PBXProject section */
		8E02382B22B917A900125A2B /* Project object */ = {
			isa = PBXProject;
			attributes = {
				LastSwiftUpdateCheck = 1020;
				LastUpgradeCheck = 1020;
				ORGANIZATIONNAME = "Koza, Sipho (RBI-UK)";
				TargetAttributes = {
					8E02383222B917A900125A2B = {
						CreatedOnToolsVersion = 10.2.1;
						SystemCapabilities = {
							com.apple.Maps.iOS = {
								enabled = 1;
							};
						};
					};
					8E02384922B917AA00125A2B = {
						CreatedOnToolsVersion = 10.2.1;
						TestTargetID = 8E02383222B917A900125A2B;
					};
				};
			};
			buildConfigurationList = 8E02382E22B917A900125A2B /* Build configuration list for PBXProject "DVT Airport" */;
			compatibilityVersion = "Xcode 9.3";
			developmentRegion = en;
			hasScannedForEncodings = 0;
			knownRegions = (
				en,
				Base,
			);
			mainGroup = 8E02382A22B917A900125A2B;
			productRefGroup = 8E02383422B917A900125A2B /* Products */;
			projectDirPath = "";
			projectRoot = "";
			targets = (
				8E02383222B917A900125A2B /* DVT Airport */,
				8E02384922B917AA00125A2B /* DVT AirportTests */,
			);
		};
/* End PBXProject section */

/* Begin PBXResourcesBuildPhase section */
		8E02383122B917A900125A2B /* Resources */ = {
			isa = PBXResourcesBuildPhase;
			buildActionMask = 2147483647;
			files = (
				8E02384422B917AA00125A2B /* LaunchScreen.storyboard in Resources */,
				8E02384122B917AA00125A2B /* Assets.xcassets in Resources */,
			);
			runOnlyForDeploymentPostprocessing = 0;
		};
		8E02384822B917AA00125A2B /* Resources */ = {
			isa = PBXResourcesBuildPhase;
			buildActionMask = 2147483647;
			files = (
			);
			runOnlyForDeploymentPostprocessing = 0;
		};
/* End PBXResourcesBuildPhase section */

/* Begin PBXSourcesBuildPhase section */
		8E02382F22B917A900125A2B /* Sources */ = {
			isa = PBXSourcesBuildPhase;
			buildActionMask = 2147483647;
			files = (
				8E98563222BB8B97001219A4 /* AlertController+Extension.swift in Sources */,
				8E98562522BA2482001219A4 /* ScheduleCellModel.swift in Sources */,
				8E98562822BA2526001219A4 /* ScheduleDataModel.swift in Sources */,
				8E98564022BBEE79001219A4 /* ScheduleViewModel.swift in Sources */,
				8E02383F22B917A900125A2B /* DVT_Airport.xcdatamodeld in Sources */,
				8E98562D22BA9376001219A4 /* AirportModel.swift in Sources */,
				8E98563E22BBBAEF001219A4 /* LoadActivityIndicator.swift in Sources */,
				8E02385D22B919BB00125A2B /* AirportsViewController.swift in Sources */,
				8E02383722B917A900125A2B /* AppDelegate.swift in Sources */,
				8E02386222B92DBD00125A2B /* ViewController+Extension.swift in Sources */,
				8E02386522B936A200125A2B /* ScheduleCell.swift in Sources */,
				8E02386B22B9715200125A2B /* Font+Extension.swift in Sources */,
				8E02385F22B91A1100125A2B /* ScheduleViewController.swift in Sources */,
				8E98563422BB8BFB001219A4 /* UIWindow+Extension.swift in Sources */,
				8E02386722B947B400125A2B /* Number+Extension.swift in Sources */,
				8E98563022BB84EC001219A4 /* ClientAPI.swift in Sources */,
				8E98563C22BBB7D6001219A4 /* AirportViewModel.swift in Sources */,
				8E98563622BB9039001219A4 /* Reachability.swift in Sources */,
				8E02386922B9713600125A2B /* Color+Extension.swift in Sources */,
				8E98563922BBB458001219A4 /* Webservice.swift in Sources */,
			);
			runOnlyForDeploymentPostprocessing = 0;
		};
		8E02384622B917AA00125A2B /* Sources */ = {
			isa = PBXSourcesBuildPhase;
			buildActionMask = 2147483647;
			files = (
				8E02384F22B917AA00125A2B /* DVT_AirportTests.swift in Sources */,
			);
			runOnlyForDeploymentPostprocessing = 0;
		};
/* End PBXSourcesBuildPhase section */

/* Begin PBXTargetDependency section */
		8E02384C22B917AA00125A2B /* PBXTargetDependency */ = {
			isa = PBXTargetDependency;
			target = 8E02383222B917A900125A2B /* DVT Airport */;
			targetProxy = 8E02384B22B917AA00125A2B /* PBXContainerItemProxy */;
		};
/* End PBXTargetDependency section */

/* Begin PBXVariantGroup section */
		8E02384222B917AA00125A2B /* LaunchScreen.storyboard */ = {
			isa = PBXVariantGroup;
			children = (
				8E02384322B917AA00125A2B /* Base */,
			);
			name = LaunchScreen.storyboard;
			sourceTree = "<group>";
		};
/* End PBXVariantGroup section */

/* Begin XCBuildConfiguration section */
		8E02385122B917AA00125A2B /* Debug */ = {
			isa = XCBuildConfiguration;
			buildSettings = {
				ALWAYS_SEARCH_USER_PATHS = NO;
				CLANG_ANALYZER_NONNULL = YES;
				CLANG_ANALYZER_NUMBER_OBJECT_CONVERSION = YES_AGGRESSIVE;
				CLANG_CXX_LANGUAGE_STANDARD = "gnu++14";
				CLANG_CXX_LIBRARY = "libc++";
				CLANG_ENABLE_MODULES = YES;
				CLANG_ENABLE_OBJC_ARC = YES;
				CLANG_ENABLE_OBJC_WEAK = YES;
				CLANG_WARN_BLOCK_CAPTURE_AUTORELEASING = YES;
				CLANG_WARN_BOOL_CONVERSION = YES;
				CLANG_WARN_COMMA = YES;
				CLANG_WARN_CONSTANT_CONVERSION = YES;
				CLANG_WARN_DEPRECATED_OBJC_IMPLEMENTATIONS = YES;
				CLANG_WARN_DIRECT_OBJC_ISA_USAGE = YES_ERROR;
				CLANG_WARN_DOCUMENTATION_COMMENTS = YES;
				CLANG_WARN_EMPTY_BODY = YES;
				CLANG_WARN_ENUM_CONVERSION = YES;
				CLANG_WARN_INFINITE_RECURSION = YES;
				CLANG_WARN_INT_CONVERSION = YES;
				CLANG_WARN_NON_LITERAL_NULL_CONVERSION = YES;
				CLANG_WARN_OBJC_IMPLICIT_RETAIN_SELF = YES;
				CLANG_WARN_OBJC_LITERAL_CONVERSION = YES;
				CLANG_WARN_OBJC_ROOT_CLASS = YES_ERROR;
				CLANG_WARN_RANGE_LOOP_ANALYSIS = YES;
				CLANG_WARN_STRICT_PROTOTYPES = YES;
				CLANG_WARN_SUSPICIOUS_MOVE = YES;
				CLANG_WARN_UNGUARDED_AVAILABILITY = YES_AGGRESSIVE;
				CLANG_WARN_UNREACHABLE_CODE = YES;
				CLANG_WARN__DUPLICATE_METHOD_MATCH = YES;
				CODE_SIGN_IDENTITY = "iPhone Developer";
				COPY_PHASE_STRIP = NO;
				DEBUG_INFORMATION_FORMAT = dwarf;
				ENABLE_STRICT_OBJC_MSGSEND = YES;
				ENABLE_TESTABILITY = YES;
				GCC_C_LANGUAGE_STANDARD = gnu11;
				GCC_DYNAMIC_NO_PIC = NO;
				GCC_NO_COMMON_BLOCKS = YES;
				GCC_OPTIMIZATION_LEVEL = 0;
				GCC_PREPROCESSOR_DEFINITIONS = (
					"DEBUG=1",
					"$(inherited)",
				);
				GCC_WARN_64_TO_32_BIT_CONVERSION = YES;
				GCC_WARN_ABOUT_RETURN_TYPE = YES_ERROR;
				GCC_WARN_UNDECLARED_SELECTOR = YES;
				GCC_WARN_UNINITIALIZED_AUTOS = YES_AGGRESSIVE;
				GCC_WARN_UNUSED_FUNCTION = YES;
				GCC_WARN_UNUSED_VARIABLE = YES;
				IPHONEOS_DEPLOYMENT_TARGET = 12.2;
				MTL_ENABLE_DEBUG_INFO = INCLUDE_SOURCE;
				MTL_FAST_MATH = YES;
				ONLY_ACTIVE_ARCH = YES;
				SDKROOT = iphoneos;
				SWIFT_ACTIVE_COMPILATION_CONDITIONS = DEBUG;
				SWIFT_OPTIMIZATION_LEVEL = "-Onone";
			};
			name = Debug;
		};
		8E02385222B917AA00125A2B /* Release */ = {
			isa = XCBuildConfiguration;
			buildSettings = {
				ALWAYS_SEARCH_USER_PATHS = NO;
				CLANG_ANALYZER_NONNULL = YES;
				CLANG_ANALYZER_NUMBER_OBJECT_CONVERSION = YES_AGGRESSIVE;
				CLANG_CXX_LANGUAGE_STANDARD = "gnu++14";
				CLANG_CXX_LIBRARY = "libc++";
				CLANG_ENABLE_MODULES = YES;
				CLANG_ENABLE_OBJC_ARC = YES;
				CLANG_ENABLE_OBJC_WEAK = YES;
				CLANG_WARN_BLOCK_CAPTURE_AUTORELEASING = YES;
				CLANG_WARN_BOOL_CONVERSION = YES;
				CLANG_WARN_COMMA = YES;
				CLANG_WARN_CONSTANT_CONVERSION = YES;
				CLANG_WARN_DEPRECATED_OBJC_IMPLEMENTATIONS = YES;
				CLANG_WARN_DIRECT_OBJC_ISA_USAGE = YES_ERROR;
				CLANG_WARN_DOCUMENTATION_COMMENTS = YES;
				CLANG_WARN_EMPTY_BODY = YES;
				CLANG_WARN_ENUM_CONVERSION = YES;
				CLANG_WARN_INFINITE_RECURSION = YES;
				CLANG_WARN_INT_CONVERSION = YES;
				CLANG_WARN_NON_LITERAL_NULL_CONVERSION = YES;
				CLANG_WARN_OBJC_IMPLICIT_RETAIN_SELF = YES;
				CLANG_WARN_OBJC_LITERAL_CONVERSION = YES;
				CLANG_WARN_OBJC_ROOT_CLASS = YES_ERROR;
				CLANG_WARN_RANGE_LOOP_ANALYSIS = YES;
				CLANG_WARN_STRICT_PROTOTYPES = YES;
				CLANG_WARN_SUSPICIOUS_MOVE = YES;
				CLANG_WARN_UNGUARDED_AVAILABILITY = YES_AGGRESSIVE;
				CLANG_WARN_UNREACHABLE_CODE = YES;
				CLANG_WARN__DUPLICATE_METHOD_MATCH = YES;
				CODE_SIGN_IDENTITY = "iPhone Developer";
				COPY_PHASE_STRIP = NO;
				DEBUG_INFORMATION_FORMAT = "dwarf-with-dsym";
				ENABLE_NS_ASSERTIONS = NO;
				ENABLE_STRICT_OBJC_MSGSEND = YES;
				GCC_C_LANGUAGE_STANDARD = gnu11;
				GCC_NO_COMMON_BLOCKS = YES;
				GCC_WARN_64_TO_32_BIT_CONVERSION = YES;
				GCC_WARN_ABOUT_RETURN_TYPE = YES_ERROR;
				GCC_WARN_UNDECLARED_SELECTOR = YES;
				GCC_WARN_UNINITIALIZED_AUTOS = YES_AGGRESSIVE;
				GCC_WARN_UNUSED_FUNCTION = YES;
				GCC_WARN_UNUSED_VARIABLE = YES;
				IPHONEOS_DEPLOYMENT_TARGET = 12.2;
				MTL_ENABLE_DEBUG_INFO = NO;
				MTL_FAST_MATH = YES;
				SDKROOT = iphoneos;
				SWIFT_COMPILATION_MODE = wholemodule;
				SWIFT_OPTIMIZATION_LEVEL = "-O";
				VALIDATE_PRODUCT = YES;
			};
			name = Release;
		};
		8E02385422B917AA00125A2B /* Debug */ = {
			isa = XCBuildConfiguration;
			buildSettings = {
				ASSETCATALOG_COMPILER_APPICON_NAME = AppIcon;
				CODE_SIGN_STYLE = Automatic;
				DEVELOPMENT_TEAM = 7RFY9D8639;
				INFOPLIST_FILE = "$(SRCROOT)/DVT Airport/AppSettingsFiles/Info.plist";
				LD_RUNPATH_SEARCH_PATHS = (
					"$(inherited)",
					"@executable_path/Frameworks",
				);
				PRODUCT_BUNDLE_IDENTIFIER = "com.RBI-UK.DVT-Airport";
				PRODUCT_NAME = "$(TARGET_NAME)";
				SWIFT_VERSION = 5.0;
				TARGETED_DEVICE_FAMILY = 1;
			};
			name = Debug;
		};
		8E02385522B917AA00125A2B /* Release */ = {
			isa = XCBuildConfiguration;
			buildSettings = {
				ASSETCATALOG_COMPILER_APPICON_NAME = AppIcon;
				CODE_SIGN_STYLE = Automatic;
				DEVELOPMENT_TEAM = 7RFY9D8639;
				INFOPLIST_FILE = "$(SRCROOT)/DVT Airport/AppSettingsFiles/Info.plist";
				LD_RUNPATH_SEARCH_PATHS = (
					"$(inherited)",
					"@executable_path/Frameworks",
				);
				PRODUCT_BUNDLE_IDENTIFIER = "com.RBI-UK.DVT-Airport";
				PRODUCT_NAME = "$(TARGET_NAME)";
				SWIFT_VERSION = 5.0;
				TARGETED_DEVICE_FAMILY = 1;
			};
			name = Release;
		};
		8E02385722B917AA00125A2B /* Debug */ = {
			isa = XCBuildConfiguration;
			buildSettings = {
				ALWAYS_EMBED_SWIFT_STANDARD_LIBRARIES = YES;
				BUNDLE_LOADER = "$(TEST_HOST)";
				CODE_SIGN_STYLE = Automatic;
				DEVELOPMENT_TEAM = 7RFY9D8639;
				INFOPLIST_FILE = "DVT AirportTests/Info.plist";
				LD_RUNPATH_SEARCH_PATHS = (
					"$(inherited)",
					"@executable_path/Frameworks",
					"@loader_path/Frameworks",
				);
				PRODUCT_BUNDLE_IDENTIFIER = "com.RBI-UK.DVT-AirportTests";
				PRODUCT_NAME = "$(TARGET_NAME)";
				SWIFT_VERSION = 5.0;
				TARGETED_DEVICE_FAMILY = "1,2";
				TEST_HOST = "$(BUILT_PRODUCTS_DIR)/DVT Airport.app/DVT Airport";
			};
			name = Debug;
		};
		8E02385822B917AA00125A2B /* Release */ = {
			isa = XCBuildConfiguration;
			buildSettings = {
				ALWAYS_EMBED_SWIFT_STANDARD_LIBRARIES = YES;
				BUNDLE_LOADER = "$(TEST_HOST)";
				CODE_SIGN_STYLE = Automatic;
				DEVELOPMENT_TEAM = 7RFY9D8639;
				INFOPLIST_FILE = "DVT AirportTests/Info.plist";
				LD_RUNPATH_SEARCH_PATHS = (
					"$(inherited)",
					"@executable_path/Frameworks",
					"@loader_path/Frameworks",
				);
				PRODUCT_BUNDLE_IDENTIFIER = "com.RBI-UK.DVT-AirportTests";
				PRODUCT_NAME = "$(TARGET_NAME)";
				SWIFT_VERSION = 5.0;
				TARGETED_DEVICE_FAMILY = "1,2";
				TEST_HOST = "$(BUILT_PRODUCTS_DIR)/DVT Airport.app/DVT Airport";
			};
			name = Release;
		};
/* End XCBuildConfiguration section */

/* Begin XCConfigurationList section */
		8E02382E22B917A900125A2B /* Build configuration list for PBXProject "DVT Airport" */ = {
			isa = XCConfigurationList;
			buildConfigurations = (
				8E02385122B917AA00125A2B /* Debug */,
				8E02385222B917AA00125A2B /* Release */,
			);
			defaultConfigurationIsVisible = 0;
			defaultConfigurationName = Release;
		};
		8E02385322B917AA00125A2B /* Build configuration list for PBXNativeTarget "DVT Airport" */ = {
			isa = XCConfigurationList;
			buildConfigurations = (
				8E02385422B917AA00125A2B /* Debug */,
				8E02385522B917AA00125A2B /* Release */,
			);
			defaultConfigurationIsVisible = 0;
			defaultConfigurationName = Release;
		};
		8E02385622B917AA00125A2B /* Build configuration list for PBXNativeTarget "DVT AirportTests" */ = {
			isa = XCConfigurationList;
			buildConfigurations = (
				8E02385722B917AA00125A2B /* Debug */,
				8E02385822B917AA00125A2B /* Release */,
			);
			defaultConfigurationIsVisible = 0;
			defaultConfigurationName = Release;
		};
/* End XCConfigurationList section */

/* Begin XCVersionGroup section */
		8E02383D22B917A900125A2B /* DVT_Airport.xcdatamodeld */ = {
			isa = XCVersionGroup;
			children = (
				8E02383E22B917A900125A2B /* DVT_Airport.xcdatamodel */,
			);
			currentVersion = 8E02383E22B917A900125A2B /* DVT_Airport.xcdatamodel */;
			path = DVT_Airport.xcdatamodeld;
			sourceTree = "<group>";
			versionGroupType = wrapper.xcdatamodel;
		};
/* End XCVersionGroup section */
	};
	rootObject = 8E02382B22B917A900125A2B /* Project object */;
}
